
Microsoft Visual Studio Solution File, Format Version 12.00
# Visual Studio Version 17
VisualStudioVersion = 17.11.35208.52
MinimumVisualStudioVersion = 10.0.40219.1
Project("{8BC9CEB8-8B4A-11D0-8D11-00A0C91BC942}") = "enum_dpc", "enum_dpc\enum_dpc.vcxproj", "{6B1235F2-30C4-4933-B336-6D5394601DB4}"
EndProject
Project("{8BC9CEB8-8B4A-11D0-8D11-00A0C91BC942}") = "dec_pg_ctx", "enc_pg_ctx\enc_pg_ctx.vcxproj", "{CF43B44B-32E8-47F8-AE83-ADBF39B95415}"
EndProject
Project("{8BC9CEB8-8B4A-11D0-8D11-00A0C91BC942}") = "search_mem", "search_mem\search_mem.vcxproj", "{2F484E84-5A13-4EB1-8674-2A62AE031119}"
EndProject
Global
	GlobalSection(SolutionConfigurationPlatforms) = preSolution
		Debug|ARM64 = Debug|ARM64
		Debug|x64 = Debug|x64
		Debug|x86 = Debug|x86
		Release|ARM64 = Release|ARM64
		Release|x64 = Release|x64
		Release|x86 = Release|x86
	EndGlobalSection
	GlobalSection(ProjectConfigurationPlatforms) = postSolution
		{6B1235F2-30C4-4933-B336-6D5394601DB4}.Debug|ARM64.ActiveCfg = Debug|ARM64
		{6B1235F2-30C4-4933-B336-6D5394601DB4}.Debug|ARM64.Build.0 = Debug|ARM64
		{6B1235F2-30C4-4933-B336-6D5394601DB4}.Debug|ARM64.Deploy.0 = Debug|ARM64
		{6B1235F2-30C4-4933-B336-6D5394601DB4}.Debug|x64.ActiveCfg = Debug|x64
		{6B1235F2-30C4-4933-B336-6D5394601DB4}.Debug|x64.Build.0 = Debug|x64
		{6B1235F2-30C4-4933-B336-6D5394601DB4}.Debug|x64.Deploy.0 = Debug|x64
		{6B1235F2-30C4-4933-B336-6D5394601DB4}.Debug|x86.ActiveCfg = Debug|x64
		{6B1235F2-30C4-4933-B336-6D5394601DB4}.Debug|x86.Build.0 = Debug|x64
		{6B1235F2-30C4-4933-B336-6D5394601DB4}.Debug|x86.Deploy.0 = Debug|x64
		{6B1235F2-30C4-4933-B336-6D5394601DB4}.Release|ARM64.ActiveCfg = Release|ARM64
		{6B1235F2-30C4-4933-B336-6D5394601DB4}.Release|ARM64.Build.0 = Release|ARM64
		{6B1235F2-30C4-4933-B336-6D5394601DB4}.Release|ARM64.Deploy.0 = Release|ARM64
		{6B1235F2-30C4-4933-B336-6D5394601DB4}.Release|x64.ActiveCfg = Release|x64
		{6B1235F2-30C4-4933-B336-6D5394601DB4}.Release|x64.Build.0 = Release|x64
		{6B1235F2-30C4-4933-B336-6D5394601DB4}.Release|x64.Deploy.0 = Release|x64
		{6B1235F2-30C4-4933-B336-6D5394601DB4}.Release|x86.ActiveCfg = Release|x64
		{6B1235F2-30C4-4933-B336-6D5394601DB4}.Release|x86.Build.0 = Release|x64
		{6B1235F2-30C4-4933-B336-6D5394601DB4}.Release|x86.Deploy.0 = Release|x64
		{CF43B44B-32E8-47F8-AE83-ADBF39B95415}.Debug|ARM64.ActiveCfg = Debug|x64
		{CF43B44B-32E8-47F8-AE83-ADBF39B95415}.Debug|ARM64.Build.0 = Debug|x64
		{CF43B44B-32E8-47F8-AE83-ADBF39B95415}.Debug|x64.ActiveCfg = Debug|x64
		{CF43B44B-32E8-47F8-AE83-ADBF39B95415}.Debug|x64.Build.0 = Debug|x64
		{CF43B44B-32E8-47F8-AE83-ADBF39B95415}.Debug|x86.ActiveCfg = Debug|Win32
		{CF43B44B-32E8-47F8-AE83-ADBF39B95415}.Debug|x86.Build.0 = Debug|Win32
		{CF43B44B-32E8-47F8-AE83-ADBF39B95415}.Release|ARM64.ActiveCfg = Release|x64
		{CF43B44B-32E8-47F8-AE83-ADBF39B95415}.Release|ARM64.Build.0 = Release|x64
		{CF43B44B-32E8-47F8-AE83-ADBF39B95415}.Release|x64.ActiveCfg = Release|x64
		{CF43B44B-32E8-47F8-AE83-ADBF39B95415}.Release|x64.Build.0 = Release|x64
		{CF43B44B-32E8-47F8-AE83-ADBF39B95415}.Release|x86.ActiveCfg = Release|Win32
		{CF43B44B-32E8-47F8-AE83-ADBF39B95415}.Release|x86.Build.0 = Release|Win32
		{2F484E84-5A13-4EB1-8674-2A62AE031119}.Debug|ARM64.ActiveCfg = Debug|ARM64
		{2F484E84-5A13-4EB1-8674-2A62AE031119}.Debug|ARM64.Build.0 = Debug|ARM64
		{2F484E84-5A13-4EB1-8674-2A62AE031119}.Debug|ARM64.Deploy.0 = Debug|ARM64
		{2F484E84-5A13-4EB1-8674-2A62AE031119}.Debug|x64.ActiveCfg = Debug|x64
		{2F484E84-5A13-4EB1-8674-2A62AE031119}.Debug|x64.Build.0 = Debug|x64
		{2F484E84-5A13-4EB1-8674-2A62AE031119}.Debug|x64.Deploy.0 = Debug|x64
		{2F484E84-5A13-4EB1-8674-2A62AE031119}.Debug|x86.ActiveCfg = Debug|x64
		{2F484E84-5A13-4EB1-8674-2A62AE031119}.Debug|x86.Build.0 = Debug|x64
		{2F484E84-5A13-4EB1-8674-2A62AE031119}.Debug|x86.Deploy.0 = Debug|x64
		{2F484E84-5A13-4EB1-8674-2A62AE031119}.Release|ARM64.ActiveCfg = Release|ARM64
		{2F484E84-5A13-4EB1-8674-2A62AE031119}.Release|ARM64.Build.0 = Release|ARM64
		{2F484E84-5A13-4EB1-8674-2A62AE031119}.Release|ARM64.Deploy.0 = Release|ARM64
		{2F484E84-5A13-4EB1-8674-2A62AE031119}.Release|x64.ActiveCfg = Release|x64
		{2F484E84-5A13-4EB1-8674-2A62AE031119}.Release|x64.Build.0 = Release|x64
		{2F484E84-5A13-4EB1-8674-2A62AE031119}.Release|x64.Deploy.0 = Release|x64
		{2F484E84-5A13-4EB1-8674-2A62AE031119}.Release|x86.ActiveCfg = Release|x64
		{2F484E84-5A13-4EB1-8674-2A62AE031119}.Release|x86.Build.0 = Release|x64
		{2F484E84-5A13-4EB1-8674-2A62AE031119}.Release|x86.Deploy.0 = Release|x64
	EndGlobalSection
	GlobalSection(SolutionProperties) = preSolution
		HideSolutionNode = FALSE
	EndGlobalSection
	GlobalSection(ExtensibilityGlobals) = postSolution
		SolutionGuid = {666D315A-5885-408B-9777-B49CB217C8EB}
	EndGlobalSection
EndGlobal
